
Microsoft Visual Studio Solution File, Format Version 12.00
# Visual Studio Version 16
VisualStudioVersion = 16.0.31105.61
MinimumVisualStudioVersion = 10.0.40219.1
Project("{FAE04EC0-301F-11D3-BF4B-00C04F79EFBC}") = "RGB_Panel_GUI", "RGB_Panel_GUI\RGB_Panel_GUI.csproj", "{A7D31526-8D8B-4DFE-9885-9670AD597889}"
EndProject
Global
	GlobalSection(SolutionConfigurationPlatforms) = preSolution
		Debug|Any CPU = Debug|Any CPU
		Release|Any CPU = Release|Any CPU
	EndGlobalSection
	GlobalSection(ProjectConfigurationPlatforms) = postSolution
		{A7D31526-8D8B-4DFE-9885-9670AD597889}.Debug|Any CPU.ActiveCfg = Debug|Any CPU
		{A7D31526-8D8B-4DFE-9885-9670AD597889}.Debug|Any CPU.Build.0 = Debug|Any CPU
		{A7D31526-8D8B-4DFE-9885-9670AD597889}.Release|Any CPU.ActiveCfg = Release|Any CPU
		{A7D31526-8D8B-4DFE-9885-9670AD597889}.Release|Any CPU.Build.0 = Release|Any CPU
	EndGlobalSection
	GlobalSection(SolutionProperties) = preSolution
		HideSolutionNode = FALSE
	EndGlobalSection
	GlobalSection(ExtensibilityGlobals) = postSolution
		SolutionGuid = {BBF3E5CC-7CA6-4BA4-AD45-EFF51F9AF4FC}
	EndGlobalSection
EndGlobal
